<?xml version="1.0" encoding="utf-8"?>
<Project ToolsVersion="4.0" xmlns="http://schemas.microsoft.com/developer/msbuild/2003">
  <ItemGroup>
    <Filter Include="Source Files">
      <UniqueIdentifier>{4FC737F1-C7A5-4376-A066-2A32D752A2FF}</UniqueIdentifier>
      <Extensions>cpp;c;cc;cxx;def;odl;idl;hpj;bat;asm;asmx</Extensions>
    </Filter>
    <Filter Include="Header Files">
      <UniqueIdentifier>{93995380-89BD-4b04-88EB-625FBE52EBFB}</UniqueIdentifier>
      <Extensions>h;hh;hpp;hxx;hm;inl;inc;xsd</Extensions>
    </Filter>
    <Filter Include="Resource Files">
      <UniqueIdentifier>{67DA6AB6-F800-4c08-8B7A-83BB121AAD01}</UniqueIdentifier>
      <Extensions>rc;ico;cur;bmp;dlg;rc2;rct;bin;rgs;gif;jpg;jpeg;jpe;resx;tiff;tif;png;wav</Extensions>
    </Filter>
    <Filter Include="Source Files\basic">
      <UniqueIdentifier>{ec38793b-bc40-43fb-a545-bccc0db8d99b}</UniqueIdentifier>
    </Filter>
    <Filter Include="Source Files\ui">
      <UniqueIdentifier>{0d909143-0bf6-4413-8472-85ec5c0c19bc}</UniqueIdentifier>
    </Filter>
    <Filter Include="Source Files\scenes">
      <UniqueIdentifier>{a6152906-79d0-4aba-9c09-51072be846a4}</UniqueIdentifier>
    </Filter>
    <Filter Include="Header Files\basic">
      <UniqueIdentifier>{6a0f16c0-fc6f-47b1-96fc-520979a77e98}</UniqueIdentifier>
    </Filter>
    <Filter Include="Header Files\scenes">
      <UniqueIdentifier>{571852b5-1b48-488c-97c7-16aa4f56add6}</UniqueIdentifier>
    </Filter>
    <Filter Include="Header Files\ui">
      <UniqueIdentifier>{517ad139-5fb4-4e51-beb9-2e5ec4625c09}</UniqueIdentifier>
    </Filter>
  </ItemGroup>
  <ItemGroup>
    <ClCompile Include="src\main.cpp">
      <Filter>Source Files</Filter>
    </ClCompile>
    <ClCompile Include="src\ui\Texture.cpp">
      <Filter>Source Files\ui</Filter>
    </ClCompile>
    <ClCompile Include="src\ui\Button.cpp">
      <Filter>Source Files\ui</Filter>
    </ClCompile>
    <ClCompile Include="src\scenes\Exit.cpp">
      <Filter>Source Files\scenes</Filter>
    </ClCompile>
    <ClCompile Include="src\scenes\Load.cpp">
      <Filter>Source Files\scenes</Filter>
    </ClCompile>
    <ClCompile Include="src\basic\Resource_Manager.cpp">
      <Filter>Source Files\basic</Filter>
    </ClCompile>
    <ClCompile Include="src\basic\Scene_Manager.cpp">
      <Filter>Source Files\basic</Filter>
    </ClCompile>
    <ClCompile Include="src\scenes\Start.cpp">
      <Filter>Source Files\scenes</Filter>
    </ClCompile>
    <ClCompile Include="src\basic\Script.cpp">
      <Filter>Source Files\basic</Filter>
    </ClCompile>
    <ClCompile Include="src\scenes\Save.cpp">
      <Filter>Source Files\scenes</Filter>
    </ClCompile>
    <ClCompile Include="src\scenes\Dialogue.cpp">
      <Filter>Source Files\scenes</Filter>
    </ClCompile>
    <ClCompile Include="src\basic\Engine.cpp">
      <Filter>Source Files\basic</Filter>
    </ClCompile>
    <ClCompile Include="src\basic\Savedata.cpp">
      <Filter>Source Files\basic</Filter>
    </ClCompile>
    <ClCompile Include="src\scenes\Saving.cpp">
      <Filter>Source Files\scenes</Filter>
    </ClCompile>
    <ClCompile Include="src\basic\Audio.cpp">
      <Filter>Source Files\basic</Filter>
    </ClCompile>
    <ClCompile Include="src\scenes\Loading.cpp">
      <Filter>Source Files\scenes</Filter>
    </ClCompile>
  </ItemGroup>
  <ItemGroup>
    <ClInclude Include="src\ui\Texture.h">
      <Filter>Header Files\ui</Filter>
    </ClInclude>
    <ClInclude Include="src\ui\Button.h">
      <Filter>Header Files\ui</Filter>
    </ClInclude>
    <ClInclude Include="src\scenes\Load.h">
      <Filter>Header Files\scenes</Filter>
    </ClInclude>
    <ClInclude Include="src\scenes\Exit.h">
      <Filter>Header Files\scenes</Filter>
    </ClInclude>
    <ClInclude Include="src\scenes\Save.h">
      <Filter>Header Files\scenes</Filter>
    </ClInclude>
    <ClInclude Include="src\scenes\Start.h">
      <Filter>Header Files\scenes</Filter>
    </ClInclude>
    <ClInclude Include="src\scenes\Dialogue.h">
      <Filter>Header Files\scenes</Filter>
    </ClInclude>
    <ClInclude Include="src\basic\Config.h">
      <Filter>Header Files\basic</Filter>
    </ClInclude>
    <ClInclude Include="src\basic\Engine.h">
      <Filter>Header Files\basic</Filter>
    </ClInclude>
    <ClInclude Include="src\basic\Resource_Manager.h">
      <Filter>Header Files\basic</Filter>
    </ClInclude>
    <ClInclude Include="src\basic\Scene.h">
      <Filter>Header Files\basic</Filter>
    </ClInclude>
    <ClInclude Include="src\basic\Scene_Manager.h">
      <Filter>Header Files\basic</Filter>
    </ClInclude>
    <ClInclude Include="src\basic\Script.h">
      <Filter>Header Files\basic</Filter>
    </ClInclude>
    <ClInclude Include="src\scenes\Loading.h">
      <Filter>Header Files\scenes</Filter>
    </ClInclude>
    <ClInclude Include="src\scenes\Saving.h">
      <Filter>Header Files\scenes</Filter>
    </ClInclude>
    <ClInclude Include="src\basic\Audio.h">
      <Filter>Header Files\basic</Filter>
    </ClInclude>
    <ClInclude Include="src\basic\Savedata.h">
      <Filter>Header Files\basic</Filter>
    </ClInclude>
  </ItemGroup>
  <ItemGroup>
    <None Include=".clang-format" />
  </ItemGroup>
</Project>